
Microsoft Visual Studio Solution File, Format Version 12.00
# Visual Studio Version 16
VisualStudioVersion = 16.0.30503.244
MinimumVisualStudioVersion = 10.0.40219.1
Project("{9A19103F-16F7-4668-BE54-9A1E7A4F7556}") = "manyToOne", "manyToOne\manyToOne.csproj", "{80EAC9A3-52E4-47FB-B128-C0F76BBC28B8}"
EndProject
Project("{9A19103F-16F7-4668-BE54-9A1E7A4F7556}") = "multiLingual", "multilingual\multiLingual.csproj", "{4459247A-EB23-4B2A-A616-96132436C9AB}"
EndProject
Project("{2150E333-8FDC-42A3-9474-1A3956D46DE8}") = "Solution Items", "Solution Items", "{EA7240DB-D9C7-4C54-9F93-A7C74561ED33}"
	ProjectSection(SolutionItems) = preProject
		Packages.txt = Packages.txt
	EndProjectSection
EndProject
Project("{9A19103F-16F7-4668-BE54-9A1E7A4F7556}") = "ownsOne", "ownsOne\ownsOne.csproj", "{4E2A50D7-7EE2-410B-BE6E-2CADD1C9D0E8}"
EndProject
Project("{9A19103F-16F7-4668-BE54-9A1E7A4F7556}") = "manyToOneWithDelete", "manyToOneWithDelete\manyToOneWithDelete.csproj", "{B972B6BF-FEFE-4E7F-8ECD-AD24D8AA4DA2}"
EndProject
Project("{FAE04EC0-301F-11D3-BF4B-00C04F79EFBC}") = "multiLingual_approach2", "multiLingual_approach2\multiLingual_approach2.csproj", "{6714B599-5477-4E42-A154-73AB92F4FCCC}"
EndProject
Global
	GlobalSection(SolutionConfigurationPlatforms) = preSolution
		Debug|Any CPU = Debug|Any CPU
		Release|Any CPU = Release|Any CPU
	EndGlobalSection
	GlobalSection(ProjectConfigurationPlatforms) = postSolution
		{80EAC9A3-52E4-47FB-B128-C0F76BBC28B8}.Debug|Any CPU.ActiveCfg = Debug|Any CPU
		{80EAC9A3-52E4-47FB-B128-C0F76BBC28B8}.Debug|Any CPU.Build.0 = Debug|Any CPU
		{80EAC9A3-52E4-47FB-B128-C0F76BBC28B8}.Release|Any CPU.ActiveCfg = Release|Any CPU
		{80EAC9A3-52E4-47FB-B128-C0F76BBC28B8}.Release|Any CPU.Build.0 = Release|Any CPU
		{4459247A-EB23-4B2A-A616-96132436C9AB}.Debug|Any CPU.ActiveCfg = Debug|Any CPU
		{4459247A-EB23-4B2A-A616-96132436C9AB}.Debug|Any CPU.Build.0 = Debug|Any CPU
		{4459247A-EB23-4B2A-A616-96132436C9AB}.Release|Any CPU.ActiveCfg = Release|Any CPU
		{4459247A-EB23-4B2A-A616-96132436C9AB}.Release|Any CPU.Build.0 = Release|Any CPU
		{4E2A50D7-7EE2-410B-BE6E-2CADD1C9D0E8}.Debug|Any CPU.ActiveCfg = Debug|Any CPU
		{4E2A50D7-7EE2-410B-BE6E-2CADD1C9D0E8}.Debug|Any CPU.Build.0 = Debug|Any CPU
		{4E2A50D7-7EE2-410B-BE6E-2CADD1C9D0E8}.Release|Any CPU.ActiveCfg = Release|Any CPU
		{4E2A50D7-7EE2-410B-BE6E-2CADD1C9D0E8}.Release|Any CPU.Build.0 = Release|Any CPU
		{B972B6BF-FEFE-4E7F-8ECD-AD24D8AA4DA2}.Debug|Any CPU.ActiveCfg = Debug|Any CPU
		{B972B6BF-FEFE-4E7F-8ECD-AD24D8AA4DA2}.Debug|Any CPU.Build.0 = Debug|Any CPU
		{B972B6BF-FEFE-4E7F-8ECD-AD24D8AA4DA2}.Release|Any CPU.ActiveCfg = Release|Any CPU
		{B972B6BF-FEFE-4E7F-8ECD-AD24D8AA4DA2}.Release|Any CPU.Build.0 = Release|Any CPU
		{6714B599-5477-4E42-A154-73AB92F4FCCC}.Debug|Any CPU.ActiveCfg = Debug|Any CPU
		{6714B599-5477-4E42-A154-73AB92F4FCCC}.Debug|Any CPU.Build.0 = Debug|Any CPU
		{6714B599-5477-4E42-A154-73AB92F4FCCC}.Release|Any CPU.ActiveCfg = Release|Any CPU
		{6714B599-5477-4E42-A154-73AB92F4FCCC}.Release|Any CPU.Build.0 = Release|Any CPU
	EndGlobalSection
	GlobalSection(SolutionProperties) = preSolution
		HideSolutionNode = FALSE
	EndGlobalSection
	GlobalSection(ExtensibilityGlobals) = postSolution
		SolutionGuid = {52B957A6-6245-4FE6-AA27-3505A84F03A8}
	EndGlobalSection
EndGlobal
